
Microsoft Visual Studio Solution File, Format Version 12.00
# Visual Studio Version 17
VisualStudioVersion = 17.12.35527.113 d17.12
MinimumVisualStudioVersion = 10.0.40219.1
Project("{FAE04EC0-301F-11D3-BF4B-00C04F79EFBC}") = "PostmanCloneLibrary", "PostmanCloneLibrary\PostmanCloneLibrary.csproj", "{5BA66AA3-5E87-4EFD-BDD3-AC54E6C0CD48}"
EndProject
Project("{FAE04EC0-301F-11D3-BF4B-00C04F79EFBC}") = "PostmanCloneUI", "PostmanCloneUI\PostmanCloneUI.csproj", "{0C3012F2-8FC0-4F69-B757-794AEA8ABACD}"
EndProject
Global
	GlobalSection(SolutionConfigurationPlatforms) = preSolution
		Debug|Any CPU = Debug|Any CPU
		Release|Any CPU = Release|Any CPU
	EndGlobalSection
	GlobalSection(ProjectConfigurationPlatforms) = postSolution
		{5BA66AA3-5E87-4EFD-BDD3-AC54E6C0CD48}.Debug|Any CPU.ActiveCfg = Debug|Any CPU
		{5BA66AA3-5E87-4EFD-BDD3-AC54E6C0CD48}.Debug|Any CPU.Build.0 = Debug|Any CPU
		{5BA66AA3-5E87-4EFD-BDD3-AC54E6C0CD48}.Release|Any CPU.ActiveCfg = Release|Any CPU
		{5BA66AA3-5E87-4EFD-BDD3-AC54E6C0CD48}.Release|Any CPU.Build.0 = Release|Any CPU
		{0C3012F2-8FC0-4F69-B757-794AEA8ABACD}.Debug|Any CPU.ActiveCfg = Debug|Any CPU
		{0C3012F2-8FC0-4F69-B757-794AEA8ABACD}.Debug|Any CPU.Build.0 = Debug|Any CPU
		{0C3012F2-8FC0-4F69-B757-794AEA8ABACD}.Release|Any CPU.ActiveCfg = Release|Any CPU
		{0C3012F2-8FC0-4F69-B757-794AEA8ABACD}.Release|Any CPU.Build.0 = Release|Any CPU
	EndGlobalSection
	GlobalSection(SolutionProperties) = preSolution
		HideSolutionNode = FALSE
	EndGlobalSection
EndGlobal
